
Microsoft Visual Studio Solution File, Format Version 12.00
# Visual Studio Version 17
VisualStudioVersion = 17.14.36518.9 d17.14
MinimumVisualStudioVersion = 10.0.40219.1
Project("{FAE04EC0-301F-11D3-BF4B-00C04F79EFBC}") = "Zork", "Zork\Zork.csproj", "{D5A5BDF7-55EE-447F-B9E9-EC62C83B0C07}"
EndProject
Global
	GlobalSection(SolutionConfigurationPlatforms) = preSolution
		Debug|Any CPU = Debug|Any CPU
		Release|Any CPU = Release|Any CPU
	EndGlobalSection
	GlobalSection(ProjectConfigurationPlatforms) = postSolution
		{D5A5BDF7-55EE-447F-B9E9-EC62C83B0C07}.Debug|Any CPU.ActiveCfg = Debug|Any CPU
		{D5A5BDF7-55EE-447F-B9E9-EC62C83B0C07}.Debug|Any CPU.Build.0 = Debug|Any CPU
		{D5A5BDF7-55EE-447F-B9E9-EC62C83B0C07}.Release|Any CPU.ActiveCfg = Release|Any CPU
		{D5A5BDF7-55EE-447F-B9E9-EC62C83B0C07}.Release|Any CPU.Build.0 = Release|Any CPU
	EndGlobalSection
	GlobalSection(SolutionProperties) = preSolution
		HideSolutionNode = FALSE
	EndGlobalSection
	GlobalSection(ExtensibilityGlobals) = postSolution
		SolutionGuid = {3AF2F695-1056-462B-AAFF-6B0881DCEE11}
	EndGlobalSection
EndGlobal
